# This file is autogenerated, do not edit; changes may be undone by the next 'dep ensure'.


[[projects]]
  digest = "1:e60df3e3e43a0bbae93b7ea0a68075e629a19cdb27cde734a6ae0bd464b964ce"
  name = "git.apache.org/thrift.git"
  packages = ["lib/go/thrift"]
  pruneopts = ""
  revision = "0dd823580c78a79ae9696eb9b3650e400fff140f"

[[projects]]
  digest = "1:c9c336ca4936411a991d81f976dac8abf277ac7fd9d1c8ef706e94fc7948a0f7"
  name = "github.com/Microsoft/go-winio"
  packages = ["."]
  pruneopts = ""
  revision = "78439966b38d69bf38227fbf57ac8a6fee70f69a"
  version = "v0.4.5"

[[projects]]
  digest = "1:5fc6db95056f027c33df38134f69c4d11c668c97dd1fc868d0b8512f76825462"
  name = "github.com/coreos/go-systemd"
  packages = [
    "dbus",
    "journal",
  ]
  pruneopts = ""
  revision = "d2196463941895ee908e13531a23a39feb9e1243"
  version = "v15"

[[projects]]
  digest = "1:e772845668c277db6fcc8c6fcf31664c74851f6cce4d225be4f4adbee3861057"
  name = "github.com/godbus/dbus"
  packages = ["."]
  pruneopts = ""
  revision = "a389bdde4dd695d414e47b755e95e72b7826432c"
  version = "v4.1.0"

[[projects]]
  branch = "master"
  digest = "1:7fda3be935cdc4222590c430da25e8967036215e776c0c85d01ead350b660420"
  name = "github.com/kolide/go-extension-tutorial"
  packages = [
    "pkg/journal",
    "pkg/systemd",
  ]
  pruneopts = ""
  revision = "ad201cb14a3ff7d7328ca5f8f66a9b0bfb81ae47"

[[projects]]
  branch = "master"
  digest = "1:77cd4bc3303b9c96ca82ea443a0b104888c494747e0b5f3923c56ed27fc4ec5b"
  name = "github.com/kolide/osquery-go"
  packages = [
    ".",
    "gen/osquery",
    "plugin/logger",
    "plugin/table",
    "transport",
  ]
  pruneopts = ""
  revision = "77394894ef63b4ea25e1c0c4f8a8b3d1919e1aa6"

[[projects]]
  digest = "1:7365acd48986e205ccb8652cc746f09c8b7876030d53710ea6ef7d0bd0dcd7ca"
  name = "github.com/pkg/errors"
  packages = ["."]
  pruneopts = ""
  revision = "645ef00459ed84a119197bfb8d8205042c6df63d"
  version = "v0.8.0"

[[projects]]
  branch = "master"
  digest = "1:1bf6e104abd5f905f0da49e2bd730541cb80d635635a6ab9617ba1e7c4c34fa9"
  name = "golang.org/x/sys"
  packages = ["windows"]
  pruneopts = ""
  revision = "d5840adf789d732bc8b00f37b26ca956a7cc8e79"

[solve-meta]
  analyzer-name = "dep"
  analyzer-version = 1
  input-imports = [
    "github.com/coreos/go-systemd/dbus",
    "github.com/coreos/go-systemd/journal",
    "github.com/kolide/go-extension-tutorial/pkg/journal",
    "github.com/kolide/go-extension-tutorial/pkg/systemd",
    "github.com/kolide/osquery-go",
    "github.com/kolide/osquery-go/plugin/logger",
    "github.com/kolide/osquery-go/plugin/table",
  ]
  solver-name = "gps-cdcl"
  solver-version = 1
